{
  "lockfile_version": "1",
  "packages": {
    "github:NixOS/nixpkgs/nixpkgs-unstable": {
      "last_modified": "2025-10-02T06:31:14Z",
      "resolved": "github:NixOS/nixpkgs/625ad6366178f03acd79f9e3822606dd7985b657?lastModified=1759386674&narHash=sha256-wg1Lz%2F1FC5Q13R%2BmM5a2oTV9TA9L%2FCHHTm3%2FPiLayfA%3D"
    },
    "graphviz@latest": {
      "last_modified": "2025-09-18T16:33:27Z",
      "resolved": "github:NixOS/nixpkgs/f4b140d5b253f5e2a1ff4e5506edbf8267724bde#graphviz",
      "source": "devbox-search",
      "version": "12.2.1",
      "systems": {
        "aarch64-darwin": {
          "outputs": [
            {
              "name": "out",
              "path": "/nix/store/j38p5375fdcfkskkfff8il1wrac6bx1x-graphviz-12.2.1",
              "default": true
            }
          ],
          "store_path": "/nix/store/j38p5375fdcfkskkfff8il1wrac6bx1x-graphviz-12.2.1"
        },
        "aarch64-linux": {
          "outputs": [
            {
              "name": "out",
              "path": "/nix/store/s579v7xj0dga75gd1rq4qipy6a6b0khd-graphviz-12.2.1",
              "default": true
            }
          ],
          "store_path": "/nix/store/s579v7xj0dga75gd1rq4qipy6a6b0khd-graphviz-12.2.1"
        },
        "x86_64-darwin": {
          "outputs": [
            {
              "name": "out",
              "path": "/nix/store/08gxllsy90iajzfagjjplh91wmp08rlp-graphviz-12.2.1",
              "default": true
            }
          ],
          "store_path": "/nix/store/08gxllsy90iajzfagjjplh91wmp08rlp-graphviz-12.2.1"
        },
        "x86_64-linux": {
          "outputs": [
            {
              "name": "out",
              "path": "/nix/store/75py9rqxqdb0csqh117an1z4v3zhrkhp-graphviz-12.2.1",
              "default": true
            }
          ],
          "store_path": "/nix/store/75py9rqxqdb0csqh117an1z4v3zhrkhp-graphviz-12.2.1"
        }
      }
    },
    "openjdk@latest": {
      "last_modified": "2023-02-24T09:01:09Z",
      "resolved": "github:NixOS/nixpkgs/7d0ed7f2e5aea07ab22ccb338d27fbe347ed2f11#openjdk",
      "source": "devbox-search",
      "version": "19.0.1+10"
    },
    "pandoc@latest": {
      "last_modified": "2025-09-18T16:33:27Z",
      "resolved": "github:NixOS/nixpkgs/f4b140d5b253f5e2a1ff4e5506edbf8267724bde#pandoc",
      "source": "devbox-search",
      "version": "3.6",
      "systems": {
        "aarch64-darwin": {
          "outputs": [
            {
              "name": "out",
              "path": "/nix/store/m343crvkf5i8a415rldf90jiykhnlkj0-pandoc-cli-3.6",
              "default": true
            }
          ],
          "store_path": "/nix/store/m343crvkf5i8a415rldf90jiykhnlkj0-pandoc-cli-3.6"
        },
        "aarch64-linux": {
          "outputs": [
            {
              "name": "out",
              "path": "/nix/store/hjggd08xg9ysg34q0935h5cdawm8k1lk-pandoc-cli-3.6",
              "default": true
            }
          ],
          "store_path": "/nix/store/hjggd08xg9ysg34q0935h5cdawm8k1lk-pandoc-cli-3.6"
        },
        "x86_64-darwin": {
          "outputs": [
            {
              "name": "out",
              "path": "/nix/store/q6sfqwf42a9wc0zv6qw8p1mxz12sfhjh-pandoc-cli-3.6",
              "default": true
            }
          ],
          "store_path": "/nix/store/q6sfqwf42a9wc0zv6qw8p1mxz12sfhjh-pandoc-cli-3.6"
        },
        "x86_64-linux": {
          "outputs": [
            {
              "name": "out",
              "path": "/nix/store/6vkdf9pdmc36n2vv96d7pavc2dwb42rm-pandoc-cli-3.6",
              "default": true
            }
          ],
          "store_path": "/nix/store/6vkdf9pdmc36n2vv96d7pavc2dwb42rm-pandoc-cli-3.6"
        }
      }
    },
    "python311Packages.pip@latest": {
      "last_modified": "2024-12-03T12:40:06Z",
      "resolved": "github:NixOS/nixpkgs/566e53c2ad750c84f6d31f9ccb9d00f823165550#python311Packages.pip",
      "source": "devbox-search",
      "version": "24.0",
      "systems": {
        "aarch64-darwin": {
          "outputs": [
            {
              "name": "out",
              "path": "/nix/store/4rlmzs8imw8cnm7zxmb40qcg5zfilywm-python3.11-pip-24.0",
              "default": true
            },
            {
              "name": "man",
              "path": "/nix/store/8c0k3zmqxmc790jnq0iy741f0r59skq0-python3.11-pip-24.0-man",
              "default": true
            },
            {
              "name": "dist",
              "path": "/nix/store/qym844p07sk31c62yqj5b980rn9zjqp8-python3.11-pip-24.0-dist"
            }
          ],
          "store_path": "/nix/store/4rlmzs8imw8cnm7zxmb40qcg5zfilywm-python3.11-pip-24.0"
        },
        "aarch64-linux": {
          "outputs": [
            {
              "name": "out",
              "path": "/nix/store/n1878qvhhl7a1238h52syhpyn3vpr9ap-python3.11-pip-24.0",
              "default": true
            },
            {
              "name": "man",
              "path": "/nix/store/l6h3wn620pnsw00b3izh7qkh63v2h2mm-python3.11-pip-24.0-man",
              "default": true
            },
            {
              "name": "dist",
              "path": "/nix/store/9ai3zc1ml1hpl6r5a0wz20j73jzqc19k-python3.11-pip-24.0-dist"
            }
          ],
          "store_path": "/nix/store/n1878qvhhl7a1238h52syhpyn3vpr9ap-python3.11-pip-24.0"
        },
        "x86_64-darwin": {
          "outputs": [
            {
              "name": "out",
              "path": "/nix/store/b4rc80klr5hfjnndmxmzkr2h1ipsc0lw-python3.11-pip-24.0",
              "default": true
            },
            {
              "name": "man",
              "path": "/nix/store/v0m892bw1za9c84sdz7id7lsdqz5gn0m-python3.11-pip-24.0-man",
              "default": true
            },
            {
              "name": "dist",
              "path": "/nix/store/543xg541cyv8azjfr0d4iy1r56bzr7l0-python3.11-pip-24.0-dist"
            }
          ],
          "store_path": "/nix/store/b4rc80klr5hfjnndmxmzkr2h1ipsc0lw-python3.11-pip-24.0"
        },
        "x86_64-linux": {
          "outputs": [
            {
              "name": "out",
              "path": "/nix/store/9hhh5rh3qihyrh0y0wid9xl20i0z5pfq-python3.11-pip-24.0",
              "default": true
            },
            {
              "name": "man",
              "path": "/nix/store/5qlaabn7jli0d2djawr8ld8l6bi8jwwi-python3.11-pip-24.0-man",
              "default": true
            },
            {
              "name": "dist",
              "path": "/nix/store/ifs6g0gvihqkn6kbs91n88hxai1i3jcj-python3.11-pip-24.0-dist"
            }
          ],
          "store_path": "/nix/store/9hhh5rh3qihyrh0y0wid9xl20i0z5pfq-python3.11-pip-24.0"
        }
      }
    },
    "python@3.11.13": {
      "last_modified": "2025-09-18T16:33:27Z",
      "plugin_version": "0.0.4",
      "resolved": "github:NixOS/nixpkgs/f4b140d5b253f5e2a1ff4e5506edbf8267724bde#python311",
      "source": "devbox-search",
      "version": "3.11.13",
      "systems": {
        "aarch64-darwin": {
          "outputs": [
            {
              "name": "out",
              "path": "/nix/store/lkgqh3ap5qgv5w6zpgwwlqn0zf8rzjp5-python3-3.11.13",
              "default": true
            }
          ],
          "store_path": "/nix/store/lkgqh3ap5qgv5w6zpgwwlqn0zf8rzjp5-python3-3.11.13"
        },
        "aarch64-linux": {
          "outputs": [
            {
              "name": "out",
              "path": "/nix/store/micld19bxja9yganfpv53hr5rv41snva-python3-3.11.13",
              "default": true
            },
            {
              "name": "debug",
              "path": "/nix/store/gxwasxsa53ink1m2rcqp3wigflxbx0yw-python3-3.11.13-debug"
            }
          ],
          "store_path": "/nix/store/micld19bxja9yganfpv53hr5rv41snva-python3-3.11.13"
        },
        "x86_64-darwin": {
          "outputs": [
            {
              "name": "out",
              "path": "/nix/store/879wry5b3891z1q6pzdk1zlm8nc2zk1k-python3-3.11.13",
              "default": true
            }
          ],
          "store_path": "/nix/store/879wry5b3891z1q6pzdk1zlm8nc2zk1k-python3-3.11.13"
        },
        "x86_64-linux": {
          "outputs": [
            {
              "name": "out",
              "path": "/nix/store/gf7b5x6vh2g3bq054lm5pj7zqzfx7vjc-python3-3.11.13",
              "default": true
            },
            {
              "name": "debug",
              "path": "/nix/store/83505s5z39cdj3hkl9bhmh2bwsznr5rr-python3-3.11.13-debug"
            }
          ],
          "store_path": "/nix/store/gf7b5x6vh2g3bq054lm5pj7zqzfx7vjc-python3-3.11.13"
        }
      }
    }
  }
}
